// !$*UTF8*$!
{
	archiveVersion = 1;
	classes = {
	};
	objectVersion = 46;
	objects = {

/* Begin PBXBuildFile section */
		8AE9B2E223D87749008B5C91 /* AppDelegate.swift in Sources */ = {isa = PBXBuildFile; fileRef = 8AE9B2E123D87749008B5C91 /* AppDelegate.swift */; };
		8AE9B2E423D87749008B5C91 /* ViewController.swift in Sources */ = {isa = PBXBuildFile; fileRef = 8AE9B2E323D87749008B5C91 /* ViewController.swift */; };
		8AE9B2E723D87749008B5C91 /* Main.storyboard in Resources */ = {isa = PBXBuildFile; fileRef = 8AE9B2E523D87749008B5C91 /* Main.storyboard */; };
		8AE9B2E923D87749008B5C91 /* Assets.xcassets in Resources */ = {isa = PBXBuildFile; fileRef = 8AE9B2E823D87749008B5C91 /* Assets.xcassets */; };
		8AE9B2EC23D87749008B5C91 /* LaunchScreen.storyboard in Resources */ = {isa = PBXBuildFile; fileRef = 8AE9B2EA23D87749008B5C91 /* LaunchScreen.storyboard */; };
		8AE9B2F723D87749008B5C91 /* TicTacToeGameTests.swift in Sources */ = {isa = PBXBuildFile; fileRef = 8AE9B2F623D87749008B5C91 /* TicTacToeGameTests.swift */; };
		8AE9B30223D87749008B5C91 /* TicTacToeGameUITests.swift in Sources */ = {isa = PBXBuildFile; fileRef = 8AE9B30123D87749008B5C91 /* TicTacToeGameUITests.swift */; };
		8AE9B31023D87FD0008B5C91 /* Screen2ViewController.swift in Sources */ = {isa = PBXBuildFile; fileRef = 8AE9B30F23D87FD0008B5C91 /* Screen2ViewController.swift */; };
		8AE9B34B23D88D12008B5C91 /* tic-tac-toe-game-icon.png in Resources */ = {isa = PBXBuildFile; fileRef = 8AE9B34A23D88D12008B5C91 /* tic-tac-toe-game-icon.png */; };
		8AE9B34F23D8908E008B5C91 /* tictactoe-name-logo.png in Resources */ = {isa = PBXBuildFile; fileRef = 8AE9B34E23D8908E008B5C91 /* tictactoe-name-logo.png */; };
		8AE9B35523D8CD49008B5C91 /* gameModel.swift in Sources */ = {isa = PBXBuildFile; fileRef = 8AE9B35423D8CD49008B5C91 /* gameModel.swift */; };
/* End PBXBuildFile section */

/* Begin PBXContainerItemProxy section */
		8AE9B2F323D87749008B5C91 /* PBXContainerItemProxy */ = {
			isa = PBXContainerItemProxy;
			containerPortal = 8AE9B2D623D87749008B5C91 /* Project object */;
			proxyType = 1;
			remoteGlobalIDString = 8AE9B2DD23D87749008B5C91;
			remoteInfo = TicTacToeGame;
		};
		8AE9B2FE23D87749008B5C91 /* PBXContainerItemProxy */ = {
			isa = PBXContainerItemProxy;
			containerPortal = 8AE9B2D623D87749008B5C91 /* Project object */;
			proxyType = 1;
			remoteGlobalIDString = 8AE9B2DD23D87749008B5C91;
			remoteInfo = TicTacToeGame;
		};
		8AE9B33923D88B89008B5C91 /* PBXContainerItemProxy */ = {
			isa = PBXContainerItemProxy;
			containerPortal = 8AE9B32D23D88B89008B5C91 /* AlamofireImage.xcodeproj */;
			proxyType = 2;
			remoteGlobalIDString = 4C9043771AABBFC5001B4E60;
			remoteInfo = "AlamofireImage iOS";
		};
		8AE9B33B23D88B89008B5C91 /* PBXContainerItemProxy */ = {
			isa = PBXContainerItemProxy;
			containerPortal = 8AE9B32D23D88B89008B5C91 /* AlamofireImage.xcodeproj */;
			proxyType = 2;
			remoteGlobalIDString = 4C9043821AABBFC5001B4E60;
			remoteInfo = "AlamofireImage iOS Tests";
		};
		8AE9B33D23D88B89008B5C91 /* PBXContainerItemProxy */ = {
			isa = PBXContainerItemProxy;
			containerPortal = 8AE9B32D23D88B89008B5C91 /* AlamofireImage.xcodeproj */;
			proxyType = 2;
			remoteGlobalIDString = 4CE611321AABC24E00D35044;
			remoteInfo = "AlamofireImage macOS";
		};
		8AE9B33F23D88B89008B5C91 /* PBXContainerItemProxy */ = {
			isa = PBXContainerItemProxy;
			containerPortal = 8AE9B32D23D88B89008B5C91 /* AlamofireImage.xcodeproj */;
			proxyType = 2;
			remoteGlobalIDString = 4CE611471AABC5C900D35044;
			remoteInfo = "AlamofireImage macOS Tests";
		};
		8AE9B34123D88B89008B5C91 /* PBXContainerItemProxy */ = {
			isa = PBXContainerItemProxy;
			containerPortal = 8AE9B32D23D88B89008B5C91 /* AlamofireImage.xcodeproj */;
			proxyType = 2;
			remoteGlobalIDString = 4C16B37D1BA9399500A66EF0;
			remoteInfo = "AlamofireImage tvOS";
		};
		8AE9B34323D88B89008B5C91 /* PBXContainerItemProxy */ = {
			isa = PBXContainerItemProxy;
			containerPortal = 8AE9B32D23D88B89008B5C91 /* AlamofireImage.xcodeproj */;
			proxyType = 2;
			remoteGlobalIDString = 4C16B3861BA9399500A66EF0;
			remoteInfo = "AlamofireImage tvOS Tests";
		};
		8AE9B34523D88B89008B5C91 /* PBXContainerItemProxy */ = {
			isa = PBXContainerItemProxy;
			containerPortal = 8AE9B32D23D88B89008B5C91 /* AlamofireImage.xcodeproj */;
			proxyType = 2;
			remoteGlobalIDString = 4C4D4EC11B92976900C96855;
			remoteInfo = "AlamofireImage watchOS";
		};
		8AE9B34723D88B89008B5C91 /* PBXContainerItemProxy */ = {
			isa = PBXContainerItemProxy;
			containerPortal = 8AE9B32D23D88B89008B5C91 /* AlamofireImage.xcodeproj */;
			proxyType = 2;
			remoteGlobalIDString = 4C11830B2150517E007A8298;
			remoteInfo = "iOS Example";
		};
/* End PBXContainerItemProxy section */

/* Begin PBXFileReference section */
		8AE9B2DE23D87749008B5C91 /* TicTacToeGame.app */ = {isa = PBXFileReference; explicitFileType = wrapper.application; includeInIndex = 0; path = TicTacToeGame.app; sourceTree = BUILT_PRODUCTS_DIR; };
		8AE9B2E123D87749008B5C91 /* AppDelegate.swift */ = {isa = PBXFileReference; lastKnownFileType = sourcecode.swift; path = AppDelegate.swift; sourceTree = "<group>"; };
		8AE9B2E323D87749008B5C91 /* ViewController.swift */ = {isa = PBXFileReference; lastKnownFileType = sourcecode.swift; path = ViewController.swift; sourceTree = "<group>"; };
		8AE9B2E623D87749008B5C91 /* Base */ = {isa = PBXFileReference; lastKnownFileType = file.storyboard; name = Base; path = Base.lproj/Main.storyboard; sourceTree = "<group>"; };
		8AE9B2E823D87749008B5C91 /* Assets.xcassets */ = {isa = PBXFileReference; lastKnownFileType = folder.assetcatalog; path = Assets.xcassets; sourceTree = "<group>"; };
		8AE9B2EB23D87749008B5C91 /* Base */ = {isa = PBXFileReference; lastKnownFileType = file.storyboard; name = Base; path = Base.lproj/LaunchScreen.storyboard; sourceTree = "<group>"; };
		8AE9B2ED23D87749008B5C91 /* Info.plist */ = {isa = PBXFileReference; lastKnownFileType = text.plist.xml; path = Info.plist; sourceTree = "<group>"; };
		8AE9B2F223D87749008B5C91 /* TicTacToeGameTests.xctest */ = {isa = PBXFileReference; explicitFileType = wrapper.cfbundle; includeInIndex = 0; path = TicTacToeGameTests.xctest; sourceTree = BUILT_PRODUCTS_DIR; };
		8AE9B2F623D87749008B5C91 /* TicTacToeGameTests.swift */ = {isa = PBXFileReference; lastKnownFileType = sourcecode.swift; path = TicTacToeGameTests.swift; sourceTree = "<group>"; };
		8AE9B2F823D87749008B5C91 /* Info.plist */ = {isa = PBXFileReference; lastKnownFileType = text.plist.xml; path = Info.plist; sourceTree = "<group>"; };
		8AE9B2FD23D87749008B5C91 /* TicTacToeGameUITests.xctest */ = {isa = PBXFileReference; explicitFileType = wrapper.cfbundle; includeInIndex = 0; path = TicTacToeGameUITests.xctest; sourceTree = BUILT_PRODUCTS_DIR; };
		8AE9B30123D87749008B5C91 /* TicTacToeGameUITests.swift */ = {isa = PBXFileReference; lastKnownFileType = sourcecode.swift; path = TicTacToeGameUITests.swift; sourceTree = "<group>"; };
		8AE9B30323D87749008B5C91 /* Info.plist */ = {isa = PBXFileReference; lastKnownFileType = text.plist.xml; path = Info.plist; sourceTree = "<group>"; };
		8AE9B30F23D87FD0008B5C91 /* Screen2ViewController.swift */ = {isa = PBXFileReference; fileEncoding = 4; lastKnownFileType = sourcecode.swift; path = Screen2ViewController.swift; sourceTree = "<group>"; };
		8AE9B32D23D88B89008B5C91 /* AlamofireImage.xcodeproj */ = {isa = PBXFileReference; lastKnownFileType = "wrapper.pb-project"; name = AlamofireImage.xcodeproj; path = AlamofireImage/AlamofireImage.xcodeproj; sourceTree = SOURCE_ROOT; };
		8AE9B34A23D88D12008B5C91 /* tic-tac-toe-game-icon.png */ = {isa = PBXFileReference; lastKnownFileType = image.png; path = "tic-tac-toe-game-icon.png"; sourceTree = "<group>"; };
		8AE9B34E23D8908E008B5C91 /* tictactoe-name-logo.png */ = {isa = PBXFileReference; lastKnownFileType = image.png; path = "tictactoe-name-logo.png"; sourceTree = "<group>"; };
		8AE9B35423D8CD49008B5C91 /* gameModel.swift */ = {isa = PBXFileReference; fileEncoding = 4; lastKnownFileType = sourcecode.swift; path = gameModel.swift; sourceTree = "<group>"; };
/* End PBXFileReference section */

/* Begin PBXFrameworksBuildPhase section */
		8AE9B2DB23D87749008B5C91 /* Frameworks */ = {
			isa = PBXFrameworksBuildPhase;
			buildActionMask = 2147483647;
			files = (
			);
			runOnlyForDeploymentPostprocessing = 0;
		};
		8AE9B2EF23D87749008B5C91 /* Frameworks */ = {
			isa = PBXFrameworksBuildPhase;
			buildActionMask = 2147483647;
			files = (
			);
			runOnlyForDeploymentPostprocessing = 0;
		};
		8AE9B2FA23D87749008B5C91 /* Frameworks */ = {
			isa = PBXFrameworksBuildPhase;
			buildActionMask = 2147483647;
			files = (
			);
			runOnlyForDeploymentPostprocessing = 0;
		};
/* End PBXFrameworksBuildPhase section */

/* Begin PBXGroup section */
		8AE9B2D523D87749008B5C91 = {
			isa = PBXGroup;
			children = (
				8AE9B2E023D87749008B5C91 /* TicTacToeGame */,
				8AE9B2F523D87749008B5C91 /* TicTacToeGameTests */,
				8AE9B30023D87749008B5C91 /* TicTacToeGameUITests */,
				8AE9B2DF23D87749008B5C91 /* Products */,
			);
			sourceTree = "<group>";
		};
		8AE9B2DF23D87749008B5C91 /* Products */ = {
			isa = PBXGroup;
			children = (
				8AE9B2DE23D87749008B5C91 /* TicTacToeGame.app */,
				8AE9B2F223D87749008B5C91 /* TicTacToeGameTests.xctest */,
				8AE9B2FD23D87749008B5C91 /* TicTacToeGameUITests.xctest */,
			);
			name = Products;
			sourceTree = "<group>";
		};
		8AE9B2E023D87749008B5C91 /* TicTacToeGame */ = {
			isa = PBXGroup;
			children = (
				8AE9B35023D8CCF6008B5C91 /* Model */,
				8AE9B34E23D8908E008B5C91 /* tictactoe-name-logo.png */,
				8AE9B35423D8CD49008B5C91 /* gameModel.swift */,
				8AE9B2E123D87749008B5C91 /* AppDelegate.swift */,
				8AE9B2E323D87749008B5C91 /* ViewController.swift */,
				8AE9B2E523D87749008B5C91 /* Main.storyboard */,
				8AE9B30F23D87FD0008B5C91 /* Screen2ViewController.swift */,
				8AE9B2E823D87749008B5C91 /* Assets.xcassets */,
				8AE9B34A23D88D12008B5C91 /* tic-tac-toe-game-icon.png */,
				8AE9B2EA23D87749008B5C91 /* LaunchScreen.storyboard */,
				8AE9B2ED23D87749008B5C91 /* Info.plist */,
				8AE9B32D23D88B89008B5C91 /* AlamofireImage.xcodeproj */,
			);
			path = TicTacToeGame;
			sourceTree = "<group>";
		};
		8AE9B2F523D87749008B5C91 /* TicTacToeGameTests */ = {
			isa = PBXGroup;
			children = (
				8AE9B2F623D87749008B5C91 /* TicTacToeGameTests.swift */,
				8AE9B2F823D87749008B5C91 /* Info.plist */,
			);
			path = TicTacToeGameTests;
			sourceTree = "<group>";
		};
		8AE9B30023D87749008B5C91 /* TicTacToeGameUITests */ = {
			isa = PBXGroup;
			children = (
				8AE9B30123D87749008B5C91 /* TicTacToeGameUITests.swift */,
				8AE9B30323D87749008B5C91 /* Info.plist */,
			);
			path = TicTacToeGameUITests;
			sourceTree = "<group>";
		};
		8AE9B32E23D88B89008B5C91 /* Products */ = {
			isa = PBXGroup;
			children = (
				8AE9B33A23D88B89008B5C91 /* AlamofireImage.framework */,
				8AE9B33C23D88B89008B5C91 /* AlamofireImage iOS Tests.xctest */,
				8AE9B33E23D88B89008B5C91 /* AlamofireImage.framework */,
				8AE9B34023D88B89008B5C91 /* AlamofireImage macOS Tests.xctest */,
				8AE9B34223D88B89008B5C91 /* AlamofireImage.framework */,
				8AE9B34423D88B89008B5C91 /* AlamofireImage tvOS Tests.xctest */,
				8AE9B34623D88B89008B5C91 /* AlamofireImage.framework */,
				8AE9B34823D88B89008B5C91 /* iOS Example.app */,
			);
			name = Products;
			sourceTree = "<group>";
		};
		8AE9B35023D8CCF6008B5C91 /* Model */ = {
			isa = PBXGroup;
			children = (
			);
			name = Model;
			sourceTree = "<group>";
		};
/* End PBXGroup section */

/* Begin PBXNativeTarget section */
		8AE9B2DD23D87749008B5C91 /* TicTacToeGame */ = {
			isa = PBXNativeTarget;
			buildConfigurationList = 8AE9B30623D87749008B5C91 /* Build configuration list for PBXNativeTarget "TicTacToeGame" */;
			buildPhases = (
				8AE9B2DA23D87749008B5C91 /* Sources */,
				8AE9B2DB23D87749008B5C91 /* Frameworks */,
				8AE9B2DC23D87749008B5C91 /* Resources */,
			);
			buildRules = (
			);
			dependencies = (
			);
			name = TicTacToeGame;
			productName = TicTacToeGame;
			productReference = 8AE9B2DE23D87749008B5C91 /* TicTacToeGame.app */;
			productType = "com.apple.product-type.application";
		};
		8AE9B2F123D87749008B5C91 /* TicTacToeGameTests */ = {
			isa = PBXNativeTarget;
			buildConfigurationList = 8AE9B30923D87749008B5C91 /* Build configuration list for PBXNativeTarget "TicTacToeGameTests" */;
			buildPhases = (
				8AE9B2EE23D87749008B5C91 /* Sources */,
				8AE9B2EF23D87749008B5C91 /* Frameworks */,
				8AE9B2F023D87749008B5C91 /* Resources */,
			);
			buildRules = (
			);
			dependencies = (
				8AE9B2F423D87749008B5C91 /* PBXTargetDependency */,
			);
			name = TicTacToeGameTests;
			productName = TicTacToeGameTests;
			productReference = 8AE9B2F223D87749008B5C91 /* TicTacToeGameTests.xctest */;
			productType = "com.apple.product-type.bundle.unit-test";
		};
		8AE9B2FC23D87749008B5C91 /* TicTacToeGameUITests */ = {
			isa = PBXNativeTarget;
			buildConfigurationList = 8AE9B30C23D87749008B5C91 /* Build configuration list for PBXNativeTarget "TicTacToeGameUITests" */;
			buildPhases = (
				8AE9B2F923D87749008B5C91 /* Sources */,
				8AE9B2FA23D87749008B5C91 /* Frameworks */,
				8AE9B2FB23D87749008B5C91 /* Resources */,
			);
			buildRules = (
			);
			dependencies = (
				8AE9B2FF23D87749008B5C91 /* PBXTargetDependency */,
			);
			name = TicTacToeGameUITests;
			productName = TicTacToeGameUITests;
			productReference = 8AE9B2FD23D87749008B5C91 /* TicTacToeGameUITests.xctest */;
			productType = "com.apple.product-type.bundle.ui-testing";
		};
/* End PBXNativeTarget section */

/* Begin PBXProject section */
		8AE9B2D623D87749008B5C91 /* Project object */ = {
			isa = PBXProject;
			attributes = {
				LastSwiftUpdateCheck = 0830;
				LastUpgradeCheck = 0830;
				ORGANIZATIONNAME = AUC;
				TargetAttributes = {
					8AE9B2DD23D87749008B5C91 = {
						CreatedOnToolsVersion = 8.3.3;
						ProvisioningStyle = Manual;
					};
					8AE9B2F123D87749008B5C91 = {
						CreatedOnToolsVersion = 8.3.3;
						DevelopmentTeam = 8FT7L54C8X;
						ProvisioningStyle = Automatic;
						TestTargetID = 8AE9B2DD23D87749008B5C91;
					};
					8AE9B2FC23D87749008B5C91 = {
						CreatedOnToolsVersion = 8.3.3;
						DevelopmentTeam = 8FT7L54C8X;
						ProvisioningStyle = Automatic;
						TestTargetID = 8AE9B2DD23D87749008B5C91;
					};
				};
			};
			buildConfigurationList = 8AE9B2D923D87749008B5C91 /* Build configuration list for PBXProject "TicTacToeGame" */;
			compatibilityVersion = "Xcode 3.2";
			developmentRegion = English;
			hasScannedForEncodings = 0;
			knownRegions = (
				en,
				Base,
			);
			mainGroup = 8AE9B2D523D87749008B5C91;
			productRefGroup = 8AE9B2DF23D87749008B5C91 /* Products */;
			projectDirPath = "";
			projectReferences = (
				{
					ProductGroup = 8AE9B32E23D88B89008B5C91 /* Products */;
					ProjectRef = 8AE9B32D23D88B89008B5C91 /* AlamofireImage.xcodeproj */;
				},
			);
			projectRoot = "";
			targets = (
				8AE9B2DD23D87749008B5C91 /* TicTacToeGame */,
				8AE9B2F123D87749008B5C91 /* TicTacToeGameTests */,
				8AE9B2FC23D87749008B5C91 /* TicTacToeGameUITests */,
			);
		};
/* End PBXProject section */

/* Begin PBXReferenceProxy section */
		8AE9B33A23D88B89008B5C91 /* AlamofireImage.framework */ = {
			isa = PBXReferenceProxy;
			fileType = wrapper.framework;
			path = AlamofireImage.framework;
			remoteRef = 8AE9B33923D88B89008B5C91 /* PBXContainerItemProxy */;
			sourceTree = BUILT_PRODUCTS_DIR;
		};
		8AE9B33C23D88B89008B5C91 /* AlamofireImage iOS Tests.xctest */ = {
			isa = PBXReferenceProxy;
			fileType = wrapper.cfbundle;
			path = "AlamofireImage iOS Tests.xctest";
			remoteRef = 8AE9B33B23D88B89008B5C91 /* PBXContainerItemProxy */;
			sourceTree = BUILT_PRODUCTS_DIR;
		};
		8AE9B33E23D88B89008B5C91 /* AlamofireImage.framework */ = {
			isa = PBXReferenceProxy;
			fileType = wrapper.framework;
			path = AlamofireImage.framework;
			remoteRef = 8AE9B33D23D88B89008B5C91 /* PBXContainerItemProxy */;
			sourceTree = BUILT_PRODUCTS_DIR;
		};
		8AE9B34023D88B89008B5C91 /* AlamofireImage macOS Tests.xctest */ = {
			isa = PBXReferenceProxy;
			fileType = wrapper.cfbundle;
			path = "AlamofireImage macOS Tests.xctest";
			remoteRef = 8AE9B33F23D88B89008B5C91 /* PBXContainerItemProxy */;
			sourceTree = BUILT_PRODUCTS_DIR;
		};
		8AE9B34223D88B89008B5C91 /* AlamofireImage.framework */ = {
			isa = PBXReferenceProxy;
			fileType = wrapper.framework;
			path = AlamofireImage.framework;
			remoteRef = 8AE9B34123D88B89008B5C91 /* PBXContainerItemProxy */;
			sourceTree = BUILT_PRODUCTS_DIR;
		};
		8AE9B34423D88B89008B5C91 /* AlamofireImage tvOS Tests.xctest */ = {
			isa = PBXReferenceProxy;
			fileType = wrapper.cfbundle;
			path = "AlamofireImage tvOS Tests.xctest";
			remoteRef = 8AE9B34323D88B89008B5C91 /* PBXContainerItemProxy */;
			sourceTree = BUILT_PRODUCTS_DIR;
		};
		8AE9B34623D88B89008B5C91 /* AlamofireImage.framework */ = {
			isa = PBXReferenceProxy;
			fileType = wrapper.framework;
			path = AlamofireImage.framework;
			remoteRef = 8AE9B34523D88B89008B5C91 /* PBXContainerItemProxy */;
			sourceTree = BUILT_PRODUCTS_DIR;
		};
		8AE9B34823D88B89008B5C91 /* iOS Example.app */ = {
			isa = PBXReferenceProxy;
			fileType = wrapper.application;
			path = "iOS Example.app";
			remoteRef = 8AE9B34723D88B89008B5C91 /* PBXContainerItemProxy */;
			sourceTree = BUILT_PRODUCTS_DIR;
		};
/* End PBXReferenceProxy section */

/* Begin PBXResourcesBuildPhase section */
		8AE9B2DC23D87749008B5C91 /* Resources */ = {
			isa = PBXResourcesBuildPhase;
			buildActionMask = 2147483647;
			files = (
				8AE9B2EC23D87749008B5C91 /* LaunchScreen.storyboard in Resources */,
				8AE9B2E923D87749008B5C91 /* Assets.xcassets in Resources */,
				8AE9B2E723D87749008B5C91 /* Main.storyboard in Resources */,
				8AE9B34F23D8908E008B5C91 /* tictactoe-name-logo.png in Resources */,
				8AE9B34B23D88D12008B5C91 /* tic-tac-toe-game-icon.png in Resources */,
			);
			runOnlyForDeploymentPostprocessing = 0;
		};
		8AE9B2F023D87749008B5C91 /* Resources */ = {
			isa = PBXResourcesBuildPhase;
			buildActionMask = 2147483647;
			files = (
			);
			runOnlyForDeploymentPostprocessing = 0;
		};
		8AE9B2FB23D87749008B5C91 /* Resources */ = {
			isa = PBXResourcesBuildPhase;
			buildActionMask = 2147483647;
			files = (
			);
			runOnlyForDeploymentPostprocessing = 0;
		};
/* End PBXResourcesBuildPhase section */

/* Begin PBXSourcesBuildPhase section */
		8AE9B2DA23D87749008B5C91 /* Sources */ = {
			isa = PBXSourcesBuildPhase;
			buildActionMask = 2147483647;
			files = (
				8AE9B2E423D87749008B5C91 /* ViewController.swift in Sources */,
				8AE9B35523D8CD49008B5C91 /* gameModel.swift in Sources */,
				8AE9B2E223D87749008B5C91 /* AppDelegate.swift in Sources */,
				8AE9B31023D87FD0008B5C91 /* Screen2ViewController.swift in Sources */,
			);
			runOnlyForDeploymentPostprocessing = 0;
		};
		8AE9B2EE23D87749008B5C91 /* Sources */ = {
			isa = PBXSourcesBuildPhase;
			buildActionMask = 2147483647;
			files = (
				8AE9B2F723D87749008B5C91 /* TicTacToeGameTests.swift in Sources */,
			);
			runOnlyForDeploymentPostprocessing = 0;
		};
		8AE9B2F923D87749008B5C91 /* Sources */ = {
			isa = PBXSourcesBuildPhase;
			buildActionMask = 2147483647;
			files = (
				8AE9B30223D87749008B5C91 /* TicTacToeGameUITests.swift in Sources */,
			);
			runOnlyForDeploymentPostprocessing = 0;
		};
/* End PBXSourcesBuildPhase section */

/* Begin PBXTargetDependency section */
		8AE9B2F423D87749008B5C91 /* PBXTargetDependency */ = {
			isa = PBXTargetDependency;
			target = 8AE9B2DD23D87749008B5C91 /* TicTacToeGame */;
			targetProxy = 8AE9B2F323D87749008B5C91 /* PBXContainerItemProxy */;
		};
		8AE9B2FF23D87749008B5C91 /* PBXTargetDependency */ = {
			isa = PBXTargetDependency;
			target = 8AE9B2DD23D87749008B5C91 /* TicTacToeGame */;
			targetProxy = 8AE9B2FE23D87749008B5C91 /* PBXContainerItemProxy */;
		};
/* End PBXTargetDependency section */

/* Begin PBXVariantGroup section */
		8AE9B2E523D87749008B5C91 /* Main.storyboard */ = {
			isa = PBXVariantGroup;
			children = (
				8AE9B2E623D87749008B5C91 /* Base */,
			);
			name = Main.storyboard;
			sourceTree = "<group>";
		};
		8AE9B2EA23D87749008B5C91 /* LaunchScreen.storyboard */ = {
			isa = PBXVariantGroup;
			children = (
				8AE9B2EB23D87749008B5C91 /* Base */,
			);
			name = LaunchScreen.storyboard;
			sourceTree = "<group>";
		};
/* End PBXVariantGroup section */

/* Begin XCBuildConfiguration section */
		8AE9B30423D87749008B5C91 /* Debug */ = {
			isa = XCBuildConfiguration;
			buildSettings = {
				ALWAYS_SEARCH_USER_PATHS = NO;
				CLANG_ANALYZER_NONNULL = YES;
				CLANG_ANALYZER_NUMBER_OBJECT_CONVERSION = YES_AGGRESSIVE;
				CLANG_CXX_LANGUAGE_STANDARD = "gnu++0x";
				CLANG_CXX_LIBRARY = "libc++";
				CLANG_ENABLE_MODULES = YES;
				CLANG_ENABLE_OBJC_ARC = YES;
				CLANG_WARN_BOOL_CONVERSION = YES;
				CLANG_WARN_CONSTANT_CONVERSION = YES;
				CLANG_WARN_DIRECT_OBJC_ISA_USAGE = YES_ERROR;
				CLANG_WARN_DOCUMENTATION_COMMENTS = YES;
				CLANG_WARN_EMPTY_BODY = YES;
				CLANG_WARN_ENUM_CONVERSION = YES;
				CLANG_WARN_INFINITE_RECURSION = YES;
				CLANG_WARN_INT_CONVERSION = YES;
				CLANG_WARN_OBJC_ROOT_CLASS = YES_ERROR;
				CLANG_WARN_SUSPICIOUS_MOVE = YES;
				CLANG_WARN_UNREACHABLE_CODE = YES;
				CLANG_WARN__DUPLICATE_METHOD_MATCH = YES;
				"CODE_SIGN_IDENTITY[sdk=iphoneos*]" = "iPhone Developer";
				COPY_PHASE_STRIP = NO;
				DEBUG_INFORMATION_FORMAT = dwarf;
				ENABLE_STRICT_OBJC_MSGSEND = YES;
				ENABLE_TESTABILITY = YES;
				GCC_C_LANGUAGE_STANDARD = gnu99;
				GCC_DYNAMIC_NO_PIC = NO;
				GCC_NO_COMMON_BLOCKS = YES;
				GCC_OPTIMIZATION_LEVEL = 0;
				GCC_PREPROCESSOR_DEFINITIONS = (
					"DEBUG=1",
					"$(inherited)",
				);
				GCC_WARN_64_TO_32_BIT_CONVERSION = YES;
				GCC_WARN_ABOUT_RETURN_TYPE = YES_ERROR;
				GCC_WARN_UNDECLARED_SELECTOR = YES;
				GCC_WARN_UNINITIALIZED_AUTOS = YES_AGGRESSIVE;
				GCC_WARN_UNUSED_FUNCTION = YES;
				GCC_WARN_UNUSED_VARIABLE = YES;
				IPHONEOS_DEPLOYMENT_TARGET = 10.3;
				MTL_ENABLE_DEBUG_INFO = YES;
				ONLY_ACTIVE_ARCH = YES;
				SDKROOT = iphoneos;
				SWIFT_ACTIVE_COMPILATION_CONDITIONS = DEBUG;
				SWIFT_OPTIMIZATION_LEVEL = "-Onone";
				TARGETED_DEVICE_FAMILY = "1,2";
			};
			name = Debug;
		};
		8AE9B30523D87749008B5C91 /* Release */ = {
			isa = XCBuildConfiguration;
			buildSettings = {
				ALWAYS_SEARCH_USER_PATHS = NO;
				CLANG_ANALYZER_NONNULL = YES;
				CLANG_ANALYZER_NUMBER_OBJECT_CONVERSION = YES_AGGRESSIVE;
				CLANG_CXX_LANGUAGE_STANDARD = "gnu++0x";
				CLANG_CXX_LIBRARY = "libc++";
				CLANG_ENABLE_MODULES = YES;
				CLANG_ENABLE_OBJC_ARC = YES;
				CLANG_WARN_BOOL_CONVERSION = YES;
				CLANG_WARN_CONSTANT_CONVERSION = YES;
				CLANG_WARN_DIRECT_OBJC_ISA_USAGE = YES_ERROR;
				CLANG_WARN_DOCUMENTATION_COMMENTS = YES;
				CLANG_WARN_EMPTY_BODY = YES;
				CLANG_WARN_ENUM_CONVERSION = YES;
				CLANG_WARN_INFINITE_RECURSION = YES;
				CLANG_WARN_INT_CONVERSION = YES;
				CLANG_WARN_OBJC_ROOT_CLASS = YES_ERROR;
				CLANG_WARN_SUSPICIOUS_MOVE = YES;
				CLANG_WARN_UNREACHABLE_CODE = YES;
				CLANG_WARN__DUPLICATE_METHOD_MATCH = YES;
				"CODE_SIGN_IDENTITY[sdk=iphoneos*]" = "iPhone Developer";
				COPY_PHASE_STRIP = NO;
				DEBUG_INFORMATION_FORMAT = "dwarf-with-dsym";
				ENABLE_NS_ASSERTIONS = NO;
				ENABLE_STRICT_OBJC_MSGSEND = YES;
				GCC_C_LANGUAGE_STANDARD = gnu99;
				GCC_NO_COMMON_BLOCKS = YES;
				GCC_WARN_64_TO_32_BIT_CONVERSION = YES;
				GCC_WARN_ABOUT_RETURN_TYPE = YES_ERROR;
				GCC_WARN_UNDECLARED_SELECTOR = YES;
				GCC_WARN_UNINITIALIZED_AUTOS = YES_AGGRESSIVE;
				GCC_WARN_UNUSED_FUNCTION = YES;
				GCC_WARN_UNUSED_VARIABLE = YES;
				IPHONEOS_DEPLOYMENT_TARGET = 10.3;
				MTL_ENABLE_DEBUG_INFO = NO;
				SDKROOT = iphoneos;
				SWIFT_OPTIMIZATION_LEVEL = "-Owholemodule";
				TARGETED_DEVICE_FAMILY = "1,2";
				VALIDATE_PRODUCT = YES;
			};
			name = Release;
		};
		8AE9B30723D87749008B5C91 /* Debug */ = {
			isa = XCBuildConfiguration;
			buildSettings = {
				ASSETCATALOG_COMPILER_APPICON_NAME = AppIcon;
				DEVELOPMENT_TEAM = "";
				INFOPLIST_FILE = TicTacToeGame/Info.plist;
				LD_RUNPATH_SEARCH_PATHS = "$(inherited) @executable_path/Frameworks";
				PRODUCT_BUNDLE_IDENTIFIER = edu.aucegypt.TicTacToeGame;
				PRODUCT_NAME = "$(TARGET_NAME)";
				PROVISIONING_PROFILE_SPECIFIER = "";
				SWIFT_VERSION = 3.0;
			};
			name = Debug;
		};
		8AE9B30823D87749008B5C91 /* Release */ = {
			isa = XCBuildConfiguration;
			buildSettings = {
				ASSETCATALOG_COMPILER_APPICON_NAME = AppIcon;
				DEVELOPMENT_TEAM = "";
				INFOPLIST_FILE = TicTacToeGame/Info.plist;
				LD_RUNPATH_SEARCH_PATHS = "$(inherited) @executable_path/Frameworks";
				PRODUCT_BUNDLE_IDENTIFIER = edu.aucegypt.TicTacToeGame;
				PRODUCT_NAME = "$(TARGET_NAME)";
				PROVISIONING_PROFILE_SPECIFIER = "";
				SWIFT_VERSION = 3.0;
			};
			name = Release;
		};
		8AE9B30A23D87749008B5C91 /* Debug */ = {
			isa = XCBuildConfiguration;
			buildSettings = {
				ALWAYS_EMBED_SWIFT_STANDARD_LIBRARIES = YES;
				BUNDLE_LOADER = "$(TEST_HOST)";
				DEVELOPMENT_TEAM = 8FT7L54C8X;
				INFOPLIST_FILE = TicTacToeGameTests/Info.plist;
				LD_RUNPATH_SEARCH_PATHS = "$(inherited) @executable_path/Frameworks @loader_path/Frameworks";
				PRODUCT_BUNDLE_IDENTIFIER = edu.aucegypt.TicTacToeGameTests;
				PRODUCT_NAME = "$(TARGET_NAME)";
				SWIFT_VERSION = 3.0;
				TEST_HOST = "$(BUILT_PRODUCTS_DIR)/TicTacToeGame.app/TicTacToeGame";
			};
			name = Debug;
		};
		8AE9B30B23D87749008B5C91 /* Release */ = {
			isa = XCBuildConfiguration;
			buildSettings = {
				ALWAYS_EMBED_SWIFT_STANDARD_LIBRARIES = YES;
				BUNDLE_LOADER = "$(TEST_HOST)";
				DEVELOPMENT_TEAM = 8FT7L54C8X;
				INFOPLIST_FILE = TicTacToeGameTests/Info.plist;
				LD_RUNPATH_SEARCH_PATHS = "$(inherited) @executable_path/Frameworks @loader_path/Frameworks";
				PRODUCT_BUNDLE_IDENTIFIER = edu.aucegypt.TicTacToeGameTests;
				PRODUCT_NAME = "$(TARGET_NAME)";
				SWIFT_VERSION = 3.0;
				TEST_HOST = "$(BUILT_PRODUCTS_DIR)/TicTacToeGame.app/TicTacToeGame";
			};
			name = Release;
		};
		8AE9B30D23D87749008B5C91 /* Debug */ = {
			isa = XCBuildConfiguration;
			buildSettings = {
				ALWAYS_EMBED_SWIFT_STANDARD_LIBRARIES = YES;
				DEVELOPMENT_TEAM = 8FT7L54C8X;
				INFOPLIST_FILE = TicTacToeGameUITests/Info.plist;
				LD_RUNPATH_SEARCH_PATHS = "$(inherited) @executable_path/Frameworks @loader_path/Frameworks";
				PRODUCT_BUNDLE_IDENTIFIER = edu.aucegypt.TicTacToeGameUITests;
				PRODUCT_NAME = "$(TARGET_NAME)";
				SWIFT_VERSION = 3.0;
				TEST_TARGET_NAME = TicTacToeGame;
			};
			name = Debug;
		};
		8AE9B30E23D87749008B5C91 /* Release */ = {
			isa = XCBuildConfiguration;
			buildSettings = {
				ALWAYS_EMBED_SWIFT_STANDARD_LIBRARIES = YES;
				DEVELOPMENT_TEAM = 8FT7L54C8X;
				INFOPLIST_FILE = TicTacToeGameUITests/Info.plist;
				LD_RUNPATH_SEARCH_PATHS = "$(inherited) @executable_path/Frameworks @loader_path/Frameworks";
				PRODUCT_BUNDLE_IDENTIFIER = edu.aucegypt.TicTacToeGameUITests;
				PRODUCT_NAME = "$(TARGET_NAME)";
				SWIFT_VERSION = 3.0;
				TEST_TARGET_NAME = TicTacToeGame;
			};
			name = Release;
		};
/* End XCBuildConfiguration section */

/* Begin XCConfigurationList section */
		8AE9B2D923D87749008B5C91 /* Build configuration list for PBXProject "TicTacToeGame" */ = {
			isa = XCConfigurationList;
			buildConfigurations = (
				8AE9B30423D87749008B5C91 /* Debug */,
				8AE9B30523D87749008B5C91 /* Release */,
			);
			defaultConfigurationIsVisible = 0;
			defaultConfigurationName = Release;
		};
		8AE9B30623D87749008B5C91 /* Build configuration list for PBXNativeTarget "TicTacToeGame" */ = {
			isa = XCConfigurationList;
			buildConfigurations = (
				8AE9B30723D87749008B5C91 /* Debug */,
				8AE9B30823D87749008B5C91 /* Release */,
			);
			defaultConfigurationIsVisible = 0;
		};
		8AE9B30923D87749008B5C91 /* Build configuration list for PBXNativeTarget "TicTacToeGameTests" */ = {
			isa = XCConfigurationList;
			buildConfigurations = (
				8AE9B30A23D87749008B5C91 /* Debug */,
				8AE9B30B23D87749008B5C91 /* Release */,
			);
			defaultConfigurationIsVisible = 0;
		};
		8AE9B30C23D87749008B5C91 /* Build configuration list for PBXNativeTarget "TicTacToeGameUITests" */ = {
			isa = XCConfigurationList;
			buildConfigurations = (
				8AE9B30D23D87749008B5C91 /* Debug */,
				8AE9B30E23D87749008B5C91 /* Release */,
			);
			defaultConfigurationIsVisible = 0;
		};
/* End XCConfigurationList section */
	};
	rootObject = 8AE9B2D623D87749008B5C91 /* Project object */;
}
